Microsoft Visual Studio Solution File, Format Version 12.00
# Visual Studio Version 16
VisualStudioVersion = 16.0.30503.244
MinimumVisualStudioVersion = 15.0.26124.0
Project("{9A19103F-16F7-4668-BE54-9A1E7A4F7556}") = "Caulius.Client", "src\Caulius.Client\Caulius.Client.csproj", "{5FF39DB1-F34E-4C40-AB17-DE20D09400EA}"
EndProject
Project("{2150E333-8FDC-42A3-9474-1A3956D46DE8}") = "Solution Items", "Solution Items", "{AFA27A81-5D82-4D72-BF43-3142D2F38958}"
	ProjectSection(SolutionItems) = preProject
		.editorconfig = .editorconfig
	EndProjectSection
EndProject
Project("{9A19103F-16F7-4668-BE54-9A1E7A4F7556}") = "Caulius.Infrastructure", "src\Caulius.Infrastructure\Caulius.Infrastructure.csproj", "{CA75B74D-B05E-4059-AF77-228B123064F9}"
EndProject
Project("{9A19103F-16F7-4668-BE54-9A1E7A4F7556}") = "Caulius.Domain", "src\Caulius.Domain\Caulius.Domain.csproj", "{F8A5680F-0BA7-40FD-8529-1DD3BCFD58CF}"
EndProject
Global
	GlobalSection(SolutionConfigurationPlatforms) = preSolution
		Debug|Any CPU = Debug|Any CPU
		Debug|x64 = Debug|x64
		Debug|x86 = Debug|x86
		Release|Any CPU = Release|Any CPU
		Release|x64 = Release|x64
		Release|x86 = Release|x86
	EndGlobalSection
	GlobalSection(ProjectConfigurationPlatforms) = postSolution
		{5FF39DB1-F34E-4C40-AB17-DE20D09400EA}.Debug|Any CPU.ActiveCfg = Debug|Any CPU
		{5FF39DB1-F34E-4C40-AB17-DE20D09400EA}.Debug|Any CPU.Build.0 = Debug|Any CPU
		{5FF39DB1-F34E-4C40-AB17-DE20D09400EA}.Debug|x64.ActiveCfg = Debug|Any CPU
		{5FF39DB1-F34E-4C40-AB17-DE20D09400EA}.Debug|x64.Build.0 = Debug|Any CPU
		{5FF39DB1-F34E-4C40-AB17-DE20D09400EA}.Debug|x86.ActiveCfg = Debug|Any CPU
		{5FF39DB1-F34E-4C40-AB17-DE20D09400EA}.Debug|x86.Build.0 = Debug|Any CPU
		{5FF39DB1-F34E-4C40-AB17-DE20D09400EA}.Release|Any CPU.ActiveCfg = Release|Any CPU
		{5FF39DB1-F34E-4C40-AB17-DE20D09400EA}.Release|Any CPU.Build.0 = Release|Any CPU
		{5FF39DB1-F34E-4C40-AB17-DE20D09400EA}.Release|x64.ActiveCfg = Release|Any CPU
		{5FF39DB1-F34E-4C40-AB17-DE20D09400EA}.Release|x64.Build.0 = Release|Any CPU
		{5FF39DB1-F34E-4C40-AB17-DE20D09400EA}.Release|x86.ActiveCfg = Release|Any CPU
		{5FF39DB1-F34E-4C40-AB17-DE20D09400EA}.Release|x86.Build.0 = Release|Any CPU
		{CA75B74D-B05E-4059-AF77-228B123064F9}.Debug|Any CPU.ActiveCfg = Debug|Any CPU
		{CA75B74D-B05E-4059-AF77-228B123064F9}.Debug|Any CPU.Build.0 = Debug|Any CPU
		{CA75B74D-B05E-4059-AF77-228B123064F9}.Debug|x64.ActiveCfg = Debug|Any CPU
		{CA75B74D-B05E-4059-AF77-228B123064F9}.Debug|x64.Build.0 = Debug|Any CPU
		{CA75B74D-B05E-4059-AF77-228B123064F9}.Debug|x86.ActiveCfg = Debug|Any CPU
		{CA75B74D-B05E-4059-AF77-228B123064F9}.Debug|x86.Build.0 = Debug|Any CPU
		{CA75B74D-B05E-4059-AF77-228B123064F9}.Release|Any CPU.ActiveCfg = Release|Any CPU
		{CA75B74D-B05E-4059-AF77-228B123064F9}.Release|Any CPU.Build.0 = Release|Any CPU
		{CA75B74D-B05E-4059-AF77-228B123064F9}.Release|x64.ActiveCfg = Release|Any CPU
		{CA75B74D-B05E-4059-AF77-228B123064F9}.Release|x64.Build.0 = Release|Any CPU
		{CA75B74D-B05E-4059-AF77-228B123064F9}.Release|x86.ActiveCfg = Release|Any CPU
		{CA75B74D-B05E-4059-AF77-228B123064F9}.Release|x86.Build.0 = Release|Any CPU
		{F8A5680F-0BA7-40FD-8529-1DD3BCFD58CF}.Debug|Any CPU.ActiveCfg = Debug|Any CPU
		{F8A5680F-0BA7-40FD-8529-1DD3BCFD58CF}.Debug|Any CPU.Build.0 = Debug|Any CPU
		{F8A5680F-0BA7-40FD-8529-1DD3BCFD58CF}.Debug|x64.ActiveCfg = Debug|Any CPU
		{F8A5680F-0BA7-40FD-8529-1DD3BCFD58CF}.Debug|x64.Build.0 = Debug|Any CPU
		{F8A5680F-0BA7-40FD-8529-1DD3BCFD58CF}.Debug|x86.ActiveCfg = Debug|Any CPU
		{F8A5680F-0BA7-40FD-8529-1DD3BCFD58CF}.Debug|x86.Build.0 = Debug|Any CPU
		{F8A5680F-0BA7-40FD-8529-1DD3BCFD58CF}.Release|Any CPU.ActiveCfg = Release|Any CPU
		{F8A5680F-0BA7-40FD-8529-1DD3BCFD58CF}.Release|Any CPU.Build.0 = Release|Any CPU
		{F8A5680F-0BA7-40FD-8529-1DD3BCFD58CF}.Release|x64.ActiveCfg = Release|Any CPU
		{F8A5680F-0BA7-40FD-8529-1DD3BCFD58CF}.Release|x64.Build.0 = Release|Any CPU
		{F8A5680F-0BA7-40FD-8529-1DD3BCFD58CF}.Release|x86.ActiveCfg = Release|Any CPU
		{F8A5680F-0BA7-40FD-8529-1DD3BCFD58CF}.Release|x86.Build.0 = Release|Any CPU
	EndGlobalSection
	GlobalSection(SolutionProperties) = preSolution
		HideSolutionNode = FALSE
	EndGlobalSection
	GlobalSection(ExtensibilityGlobals) = postSolution
		SolutionGuid = {DDB10634-D0D3-4744-923C-D5EEBB1C6BE7}
	EndGlobalSection
EndGlobal
